<?xml version="1.0" encoding="utf-8"?>
<Project ToolsVersion="12.0" xmlns="http://schemas.microsoft.com/developer/msbuild/2003">
  <ItemGroup>
    <Filter Include="Source Files">
      <UniqueIdentifier>{4FC737F1-C7A5-4376-A066-2A32D752A2FF}</UniqueIdentifier>
      <Extensions>cpp;c;cc;cxx;s</Extensions>
    </Filter>
    <Filter Include="Header Files">
      <UniqueIdentifier>{93995380-89BD-4b04-88EB-625FBE52EBFB}</UniqueIdentifier>
      <Extensions>h;hh;hpp;hxx</Extensions>
    </Filter>
    <Filter Include="Doc">
      <UniqueIdentifier>{222aa3b3-6b8c-4566-a34e-d4271eb193f0}</UniqueIdentifier>
    </Filter>
  </ItemGroup>
  <ItemGroup>
    <Text Include="$(MSBuildThisFileDirectory)readme.txt" />
    <Text Include="$(MSBuildThisFileDirectory)library.properties" />
  </ItemGroup>
  <ItemGroup>
    <ClCompile Include="$(MSBuildThisFileDirectory)src\I2C.cpp">
      <Filter>Source Files</Filter>
    </ClCompile>
    <ClCompile Include="$(MSBuildThisFileDirectory)src\LiquidCrystalDisplay.cpp">
      <Filter>Source Files</Filter>
    </ClCompile>
  </ItemGroup>
  <ItemGroup>
    <ClInclude Include="$(MSBuildThisFileDirectory)src\I2C.h">
      <Filter>Header Files</Filter>
    </ClInclude>
    <ClInclude Include="$(MSBuildThisFileDirectory)src\LiquidCrystalDisplay.hpp">
      <Filter>Header Files</Filter>
    </ClInclude>
  </ItemGroup>
  <ItemGroup>
    <None Include="$(MSBuildThisFileDirectory)doc\examples.dox">
      <Filter>Doc</Filter>
    </None>
    <None Include="$(MSBuildThisFileDirectory)doc\library.dox">
      <Filter>Doc</Filter>
    </None>
    <None Include="$(MSBuildThisFileDirectory)doc\main.dox">
      <Filter>Doc</Filter>
    </None>
    <None Include="$(MSBuildThisFileDirectory)doc\setup.dox">
      <Filter>Doc</Filter>
    </None>
  </ItemGroup>
  <ItemGroup>
    <Xml Include="$(MSBuildThisFileDirectory)doc\layout.xml" />
  </ItemGroup>
</Project>